// !$*UTF8*$!
{
	archiveVersion = 1;
	classes = {
	};
	objectVersion = 50;
	objects = {

/* Begin PBXBuildFile section */
		9A4C4D2F24222F780067BFDB /* AppDelegate.swift in Sources */ = {isa = PBXBuildFile; fileRef = 9A4C4D2E24222F780067BFDB /* AppDelegate.swift */; };
		9A4C4D3124222F780067BFDB /* SceneDelegate.swift in Sources */ = {isa = PBXBuildFile; fileRef = 9A4C4D3024222F780067BFDB /* SceneDelegate.swift */; };
		9A4C4D3624222F780067BFDB /* Main.storyboard in Resources */ = {isa = PBXBuildFile; fileRef = 9A4C4D3424222F780067BFDB /* Main.storyboard */; };
		9A4C4D3824222F790067BFDB /* Assets.xcassets in Resources */ = {isa = PBXBuildFile; fileRef = 9A4C4D3724222F790067BFDB /* Assets.xcassets */; };
		9A4C4D3B24222F790067BFDB /* LaunchScreen.storyboard in Resources */ = {isa = PBXBuildFile; fileRef = 9A4C4D3924222F790067BFDB /* LaunchScreen.storyboard */; };
		9A4C4D43242233B30067BFDB /* MainVC.swift in Sources */ = {isa = PBXBuildFile; fileRef = 9A4C4D42242233B30067BFDB /* MainVC.swift */; };
		9A4C4D4524237E660067BFDB /* CustomTableViewCell.swift in Sources */ = {isa = PBXBuildFile; fileRef = 9A4C4D4424237E660067BFDB /* CustomTableViewCell.swift */; };
/* End PBXBuildFile section */

/* Begin PBXFileReference section */
		9A4C4D2B24222F780067BFDB /* MyFavouritePlaces.app */ = {isa = PBXFileReference; explicitFileType = wrapper.application; includeInIndex = 0; path = MyFavouritePlaces.app; sourceTree = BUILT_PRODUCTS_DIR; };
		9A4C4D2E24222F780067BFDB /* AppDelegate.swift */ = {isa = PBXFileReference; lastKnownFileType = sourcecode.swift; path = AppDelegate.swift; sourceTree = "<group>"; };
		9A4C4D3024222F780067BFDB /* SceneDelegate.swift */ = {isa = PBXFileReference; lastKnownFileType = sourcecode.swift; path = SceneDelegate.swift; sourceTree = "<group>"; };
		9A4C4D3524222F780067BFDB /* Base */ = {isa = PBXFileReference; lastKnownFileType = file.storyboard; name = Base; path = Base.lproj/Main.storyboard; sourceTree = "<group>"; };
		9A4C4D3724222F790067BFDB /* Assets.xcassets */ = {isa = PBXFileReference; lastKnownFileType = folder.assetcatalog; path = Assets.xcassets; sourceTree = "<group>"; };
		9A4C4D3A24222F790067BFDB /* Base */ = {isa = PBXFileReference; lastKnownFileType = file.storyboard; name = Base; path = Base.lproj/LaunchScreen.storyboard; sourceTree = "<group>"; };
		9A4C4D3C24222F790067BFDB /* Info.plist */ = {isa = PBXFileReference; lastKnownFileType = text.plist.xml; path = Info.plist; sourceTree = "<group>"; };
		9A4C4D42242233B30067BFDB /* MainVC.swift */ = {isa = PBXFileReference; lastKnownFileType = sourcecode.swift; path = MainVC.swift; sourceTree = "<group>"; };
		9A4C4D4424237E660067BFDB /* CustomTableViewCell.swift */ = {isa = PBXFileReference; lastKnownFileType = sourcecode.swift; path = CustomTableViewCell.swift; sourceTree = "<group>"; };
/* End PBXFileReference section */

/* Begin PBXFrameworksBuildPhase section */
		9A4C4D2824222F780067BFDB /* Frameworks */ = {
			isa = PBXFrameworksBuildPhase;
			buildActionMask = 2147483647;
			files = (
			);
			runOnlyForDeploymentPostprocessing = 0;
		};
/* End PBXFrameworksBuildPhase section */

/* Begin PBXGroup section */
		9A4C4D2224222F780067BFDB = {
			isa = PBXGroup;
			children = (
				9A4C4D2D24222F780067BFDB /* MyFavouritePlaces */,
				9A4C4D2C24222F780067BFDB /* Products */,
			);
			sourceTree = "<group>";
		};
		9A4C4D2C24222F780067BFDB /* Products */ = {
			isa = PBXGroup;
			children = (
				9A4C4D2B24222F780067BFDB /* MyFavouritePlaces.app */,
			);
			name = Products;
			sourceTree = "<group>";
		};
		9A4C4D2D24222F780067BFDB /* MyFavouritePlaces */ = {
			isa = PBXGroup;
			children = (
				9A4C4D2E24222F780067BFDB /* AppDelegate.swift */,
				9A4C4D3024222F780067BFDB /* SceneDelegate.swift */,
				9A4C4D4424237E660067BFDB /* CustomTableViewCell.swift */,
				9A4C4D42242233B30067BFDB /* MainVC.swift */,
				9A4C4D3424222F780067BFDB /* Main.storyboard */,
				9A4C4D3724222F790067BFDB /* Assets.xcassets */,
				9A4C4D3924222F790067BFDB /* LaunchScreen.storyboard */,
				9A4C4D3C24222F790067BFDB /* Info.plist */,
			);
			path = MyFavouritePlaces;
			sourceTree = "<group>";
		};
/* End PBXGroup section */

/* Begin PBXNativeTarget section */
		9A4C4D2A24222F780067BFDB /* MyFavouritePlaces */ = {
			isa = PBXNativeTarget;
			buildConfigurationList = 9A4C4D3F24222F790067BFDB /* Build configuration list for PBXNativeTarget "MyFavouritePlaces" */;
			buildPhases = (
				9A4C4D2724222F780067BFDB /* Sources */,
				9A4C4D2824222F780067BFDB /* Frameworks */,
				9A4C4D2924222F780067BFDB /* Resources */,
			);
			buildRules = (
			);
			dependencies = (
			);
			name = MyFavouritePlaces;
			productName = MyFavouritePlaces;
			productReference = 9A4C4D2B24222F780067BFDB /* MyFavouritePlaces.app */;
			productType = "com.apple.product-type.application";
		};
/* End PBXNativeTarget section */

/* Begin PBXProject section */
		9A4C4D2324222F780067BFDB /* Project object */ = {
			isa = PBXProject;
			attributes = {
				LastSwiftUpdateCheck = 1130;
				LastUpgradeCheck = 1130;
				ORGANIZATIONNAME = "Alex Mosunov";
				TargetAttributes = {
					9A4C4D2A24222F780067BFDB = {
						CreatedOnToolsVersion = 11.3.1;
					};
				};
			};
			buildConfigurationList = 9A4C4D2624222F780067BFDB /* Build configuration list for PBXProject "MyFavouritePlaces" */;
			compatibilityVersion = "Xcode 9.3";
			developmentRegion = en;
			hasScannedForEncodings = 0;
			knownRegions = (
				en,
				Base,
			);
			mainGroup = 9A4C4D2224222F780067BFDB;
			productRefGroup = 9A4C4D2C24222F780067BFDB /* Products */;
			projectDirPath = "";
			projectRoot = "";
			targets = (
				9A4C4D2A24222F780067BFDB /* MyFavouritePlaces */,
			);
		};
/* End PBXProject section */

/* Begin PBXResourcesBuildPhase section */
		9A4C4D2924222F780067BFDB /* Resources */ = {
			isa = PBXResourcesBuildPhase;
			buildActionMask = 2147483647;
			files = (
				9A4C4D3B24222F790067BFDB /* LaunchScreen.storyboard in Resources */,
				9A4C4D3824222F790067BFDB /* Assets.xcassets in Resources */,
				9A4C4D3624222F780067BFDB /* Main.storyboard in Resources */,
			);
			runOnlyForDeploymentPostprocessing = 0;
		};
/* End PBXResourcesBuildPhase section */

/* Begin PBXSourcesBuildPhase section */
		9A4C4D2724222F780067BFDB /* Sources */ = {
			isa = PBXSourcesBuildPhase;
			buildActionMask = 2147483647;
			files = (
				9A4C4D2F24222F780067BFDB /* AppDelegate.swift in Sources */,
				9A4C4D43242233B30067BFDB /* MainVC.swift in Sources */,
				9A4C4D4524237E660067BFDB /* CustomTableViewCell.swift in Sources */,
				9A4C4D3124222F780067BFDB /* SceneDelegate.swift in Sources */,
			);
			runOnlyForDeploymentPostprocessing = 0;
		};
/* End PBXSourcesBuildPhase section */

/* Begin PBXVariantGroup section */
		9A4C4D3424222F780067BFDB /* Main.storyboard */ = {
			isa = PBXVariantGroup;
			children = (
				9A4C4D3524222F780067BFDB /* Base */,
			);
			name = Main.storyboard;
			sourceTree = "<group>";
		};
		9A4C4D3924222F790067BFDB /* LaunchScreen.storyboard */ = {
			isa = PBXVariantGroup;
			children = (
				9A4C4D3A24222F790067BFDB /* Base */,
			);
			name = LaunchScreen.storyboard;
			sourceTree = "<group>";
		};
/* End PBXVariantGroup section */

/* Begin XCBuildConfiguration section */
		9A4C4D3D24222F790067BFDB /* Debug */ = {
			isa = XCBuildConfiguration;
			buildSettings = {
				ALWAYS_SEARCH_USER_PATHS = NO;
				CLANG_ANALYZER_NONNULL = YES;
				CLANG_ANALYZER_NUMBER_OBJECT_CONVERSION = YES_AGGRESSIVE;
				CLANG_CXX_LANGUAGE_STANDARD = "gnu++14";
				CLANG_CXX_LIBRARY = "libc++";
				CLANG_ENABLE_MODULES = YES;
				CLANG_ENABLE_OBJC_ARC = YES;
				CLANG_ENABLE_OBJC_WEAK = YES;
				CLANG_WARN_BLOCK_CAPTURE_AUTORELEASING = YES;
				CLANG_WARN_BOOL_CONVERSION = YES;
				CLANG_WARN_COMMA = YES;
				CLANG_WARN_CONSTANT_CONVERSION = YES;
				CLANG_WARN_DEPRECATED_OBJC_IMPLEMENTATIONS = YES;
				CLANG_WARN_DIRECT_OBJC_ISA_USAGE = YES_ERROR;
				CLANG_WARN_DOCUMENTATION_COMMENTS = YES;
				CLANG_WARN_EMPTY_BODY = YES;
				CLANG_WARN_ENUM_CONVERSION = YES;
				CLANG_WARN_INFINITE_RECURSION = YES;
				CLANG_WARN_INT_CONVERSION = YES;
				CLANG_WARN_NON_LITERAL_NULL_CONVERSION = YES;
				CLANG_WARN_OBJC_IMPLICIT_RETAIN_SELF = YES;
				CLANG_WARN_OBJC_LITERAL_CONVERSION = YES;
				CLANG_WARN_OBJC_ROOT_CLASS = YES_ERROR;
				CLANG_WARN_RANGE_LOOP_ANALYSIS = YES;
				CLANG_WARN_STRICT_PROTOTYPES = YES;
				CLANG_WARN_SUSPICIOUS_MOVE = YES;
				CLANG_WARN_UNGUARDED_AVAILABILITY = YES_AGGRESSIVE;
				CLANG_WARN_UNREACHABLE_CODE = YES;
				CLANG_WARN__DUPLICATE_METHOD_MATCH = YES;
				COPY_PHASE_STRIP = NO;
				DEBUG_INFORMATION_FORMAT = dwarf;
				ENABLE_STRICT_OBJC_MSGSEND = YES;
				ENABLE_TESTABILITY = YES;
				GCC_C_LANGUAGE_STANDARD = gnu11;
				GCC_DYNAMIC_NO_PIC = NO;
				GCC_NO_COMMON_BLOCKS = YES;
				GCC_OPTIMIZATION_LEVEL = 0;
				GCC_PREPROCESSOR_DEFINITIONS = (
					"DEBUG=1",
					"$(inherited)",
				);
				GCC_WARN_64_TO_32_BIT_CONVERSION = YES;
				GCC_WARN_ABOUT_RETURN_TYPE = YES_ERROR;
				GCC_WARN_UNDECLARED_SELECTOR = YES;
				GCC_WARN_UNINITIALIZED_AUTOS = YES_AGGRESSIVE;
				GCC_WARN_UNUSED_FUNCTION = YES;
				GCC_WARN_UNUSED_VARIABLE = YES;
				IPHONEOS_DEPLOYMENT_TARGET = 13.2;
				MTL_ENABLE_DEBUG_INFO = INCLUDE_SOURCE;
				MTL_FAST_MATH = YES;
				ONLY_ACTIVE_ARCH = YES;
				SDKROOT = iphoneos;
				SWIFT_ACTIVE_COMPILATION_CONDITIONS = DEBUG;
				SWIFT_OPTIMIZATION_LEVEL = "-Onone";
			};
			name = Debug;
		};
		9A4C4D3E24222F790067BFDB /* Release */ = {
			isa = XCBuildConfiguration;
			buildSettings = {
				ALWAYS_SEARCH_USER_PATHS = NO;
				CLANG_ANALYZER_NONNULL = YES;
				CLANG_ANALYZER_NUMBER_OBJECT_CONVERSION = YES_AGGRESSIVE;
				CLANG_CXX_LANGUAGE_STANDARD = "gnu++14";
				CLANG_CXX_LIBRARY = "libc++";
				CLANG_ENABLE_MODULES = YES;
				CLANG_ENABLE_OBJC_ARC = YES;
				CLANG_ENABLE_OBJC_WEAK = YES;
				CLANG_WARN_BLOCK_CAPTURE_AUTORELEASING = YES;
				CLANG_WARN_BOOL_CONVERSION = YES;
				CLANG_WARN_COMMA = YES;
				CLANG_WARN_CONSTANT_CONVERSION = YES;
				CLANG_WARN_DEPRECATED_OBJC_IMPLEMENTATIONS = YES;
				CLANG_WARN_DIRECT_OBJC_ISA_USAGE = YES_ERROR;
				CLANG_WARN_DOCUMENTATION_COMMENTS = YES;
				CLANG_WARN_EMPTY_BODY = YES;
				CLANG_WARN_ENUM_CONVERSION = YES;
				CLANG_WARN_INFINITE_RECURSION = YES;
				CLANG_WARN_INT_CONVERSION = YES;
				CLANG_WARN_NON_LITERAL_NULL_CONVERSION = YES;
				CLANG_WARN_OBJC_IMPLICIT_RETAIN_SELF = YES;
				CLANG_WARN_OBJC_LITERAL_CONVERSION = YES;
				CLANG_WARN_OBJC_ROOT_CLASS = YES_ERROR;
				CLANG_WARN_RANGE_LOOP_ANALYSIS = YES;
				CLANG_WARN_STRICT_PROTOTYPES = YES;
				CLANG_WARN_SUSPICIOUS_MOVE = YES;
				CLANG_WARN_UNGUARDED_AVAILABILITY = YES_AGGRESSIVE;
				CLANG_WARN_UNREACHABLE_CODE = YES;
				CLANG_WARN__DUPLICATE_METHOD_MATCH = YES;
				COPY_PHASE_STRIP = NO;
				DEBUG_INFORMATION_FORMAT = "dwarf-with-dsym";
				ENABLE_NS_ASSERTIONS = NO;
				ENABLE_STRICT_OBJC_MSGSEND = YES;
				GCC_C_LANGUAGE_STANDARD = gnu11;
				GCC_NO_COMMON_BLOCKS = YES;
				GCC_WARN_64_TO_32_BIT_CONVERSION = YES;
				GCC_WARN_ABOUT_RETURN_TYPE = YES_ERROR;
				GCC_WARN_UNDECLARED_SELECTOR = YES;
				GCC_WARN_UNINITIALIZED_AUTOS = YES_AGGRESSIVE;
				GCC_WARN_UNUSED_FUNCTION = YES;
				GCC_WARN_UNUSED_VARIABLE = YES;
				IPHONEOS_DEPLOYMENT_TARGET = 13.2;
				MTL_ENABLE_DEBUG_INFO = NO;
				MTL_FAST_MATH = YES;
				SDKROOT = iphoneos;
				SWIFT_COMPILATION_MODE = wholemodule;
				SWIFT_OPTIMIZATION_LEVEL = "-O";
				VALIDATE_PRODUCT = YES;
			};
			name = Release;
		};
		9A4C4D4024222F790067BFDB /* Debug */ = {
			isa = XCBuildConfiguration;
			buildSettings = {
				ASSETCATALOG_COMPILER_APPICON_NAME = AppIcon;
				CODE_SIGN_STYLE = Automatic;
				DEVELOPMENT_TEAM = QU2XBTHQ37;
				INFOPLIST_FILE = MyFavouritePlaces/Info.plist;
				LD_RUNPATH_SEARCH_PATHS = (
					"$(inherited)",
					"@executable_path/Frameworks",
				);
				PRODUCT_BUNDLE_IDENTIFIER = com.alexmosunov.MyFavouritePlaces;
				PRODUCT_NAME = "$(TARGET_NAME)";
				SWIFT_VERSION = 5.0;
				TARGETED_DEVICE_FAMILY = "1,2";
			};
			name = Debug;
		};
		9A4C4D4124222F790067BFDB /* Release */ = {
			isa = XCBuildConfiguration;
			buildSettings = {
				ASSETCATALOG_COMPILER_APPICON_NAME = AppIcon;
				CODE_SIGN_STYLE = Automatic;
				DEVELOPMENT_TEAM = QU2XBTHQ37;
				INFOPLIST_FILE = MyFavouritePlaces/Info.plist;
				LD_RUNPATH_SEARCH_PATHS = (
					"$(inherited)",
					"@executable_path/Frameworks",
				);
				PRODUCT_BUNDLE_IDENTIFIER = com.alexmosunov.MyFavouritePlaces;
				PRODUCT_NAME = "$(TARGET_NAME)";
				SWIFT_VERSION = 5.0;
				TARGETED_DEVICE_FAMILY = "1,2";
			};
			name = Release;
		};
/* End XCBuildConfiguration section */

/* Begin XCConfigurationList section */
		9A4C4D2624222F780067BFDB /* Build configuration list for PBXProject "MyFavouritePlaces" */ = {
			isa = XCConfigurationList;
			buildConfigurations = (
				9A4C4D3D24222F790067BFDB /* Debug */,
				9A4C4D3E24222F790067BFDB /* Release */,
			);
			defaultConfigurationIsVisible = 0;
			defaultConfigurationName = Release;
		};
		9A4C4D3F24222F790067BFDB /* Build configuration list for PBXNativeTarget "MyFavouritePlaces" */ = {
			isa = XCConfigurationList;
			buildConfigurations = (
				9A4C4D4024222F790067BFDB /* Debug */,
				9A4C4D4124222F790067BFDB /* Release */,
			);
			defaultConfigurationIsVisible = 0;
			defaultConfigurationName = Release;
		};
/* End XCConfigurationList section */
	};
	rootObject = 9A4C4D2324222F780067BFDB /* Project object */;
}
